// !$*UTF8*$!
{
	archiveVersion = 1;
	classes = {
	};
	objectVersion = 56;
	objects = {

/* Begin PBXBuildFile section */
		1337F8292C134938005545DE /* AppDelegate.swift in Sources */ = {isa = PBXBuildFile; fileRef = 1337F8282C134938005545DE /* AppDelegate.swift */; };
		1337F82B2C134938005545DE /* SceneDelegate.swift in Sources */ = {isa = PBXBuildFile; fileRef = 1337F82A2C134938005545DE /* SceneDelegate.swift */; };
		1337F82D2C134938005545DE /* HomeViewController.swift in Sources */ = {isa = PBXBuildFile; fileRef = 1337F82C2C134938005545DE /* HomeViewController.swift */; };
		1337F8322C134941005545DE /* Assets.xcassets in Resources */ = {isa = PBXBuildFile; fileRef = 1337F8312C134941005545DE /* Assets.xcassets */; };
		1337F8352C134942005545DE /* LaunchScreen.storyboard in Resources */ = {isa = PBXBuildFile; fileRef = 1337F8332C134942005545DE /* LaunchScreen.storyboard */; };
		1337F8402C1349C8005545DE /* APICall.swift in Sources */ = {isa = PBXBuildFile; fileRef = 1337F83F2C1349C8005545DE /* APICall.swift */; };
		1337F8432C134B3E005545DE /* Car.swift in Sources */ = {isa = PBXBuildFile; fileRef = 1337F8422C134B3E005545DE /* Car.swift */; };
		1337F8452C134BE5005545DE /* Owner.swift in Sources */ = {isa = PBXBuildFile; fileRef = 1337F8442C134BE5005545DE /* Owner.swift */; };
		1337F8472C134C0E005545DE /* Rating.swift in Sources */ = {isa = PBXBuildFile; fileRef = 1337F8462C134C0E005545DE /* Rating.swift */; };
		1337F84B2C134C86005545DE /* CarRepository.swift in Sources */ = {isa = PBXBuildFile; fileRef = 1337F84A2C134C86005545DE /* CarRepository.swift */; };
		1337F84D2C134E44005545DE /* CarAPI.swift in Sources */ = {isa = PBXBuildFile; fileRef = 1337F84C2C134E44005545DE /* CarAPI.swift */; };
		1337F8502C134EE6005545DE /* CarAPIEndpoints.swift in Sources */ = {isa = PBXBuildFile; fileRef = 1337F84F2C134EE6005545DE /* CarAPIEndpoints.swift */; };
		1337F8532C135196005545DE /* DetailViewController.swift in Sources */ = {isa = PBXBuildFile; fileRef = 1337F8522C135196005545DE /* DetailViewController.swift */; };
		1337F8562C1354FC005545DE /* HomeViewModel.swift in Sources */ = {isa = PBXBuildFile; fileRef = 1337F8552C1354FC005545DE /* HomeViewModel.swift */; };
		1337F8582C135508005545DE /* DetailViewModel.swift in Sources */ = {isa = PBXBuildFile; fileRef = 1337F8572C135508005545DE /* DetailViewModel.swift */; };
		1337F85A2C13623C005545DE /* HomeCarListView.swift in Sources */ = {isa = PBXBuildFile; fileRef = 1337F8592C13623C005545DE /* HomeCarListView.swift */; };
		1337F85D2C137606005545DE /* CustomImageView.swift in Sources */ = {isa = PBXBuildFile; fileRef = 1337F85C2C137606005545DE /* CustomImageView.swift */; };
		1337F85F2C137637005545DE /* HomeCarListView+CarHeadlineView.swift in Sources */ = {isa = PBXBuildFile; fileRef = 1337F85E2C137637005545DE /* HomeCarListView+CarHeadlineView.swift */; };
		1337F8612C137646005545DE /* HomeCarListView+CarSubHeadlineView.swift in Sources */ = {isa = PBXBuildFile; fileRef = 1337F8602C137646005545DE /* HomeCarListView+CarSubHeadlineView.swift */; };
		1337F8662C13A912005545DE /* RatingView.swift in Sources */ = {isa = PBXBuildFile; fileRef = 1337F8652C13A912005545DE /* RatingView.swift */; };
		1337F8682C13BC8A005545DE /* CarInfoCollectionViewCell.swift in Sources */ = {isa = PBXBuildFile; fileRef = 1337F8672C13BC8A005545DE /* CarInfoCollectionViewCell.swift */; };
		13CB73A82C13D50500F6FFF5 /* HeaderReusableView.swift in Sources */ = {isa = PBXBuildFile; fileRef = 13CB73A72C13D50500F6FFF5 /* HeaderReusableView.swift */; };
		13CB73AA2C13EAA800F6FFF5 /* OwnerInfoCollectinViewCell.swift in Sources */ = {isa = PBXBuildFile; fileRef = 13CB73A92C13EAA800F6FFF5 /* OwnerInfoCollectinViewCell.swift */; };
		13CB73AC2C14041200F6FFF5 /* CarRentalPriceView.swift in Sources */ = {isa = PBXBuildFile; fileRef = 13CB73AB2C14041200F6FFF5 /* CarRentalPriceView.swift */; };
		13CB73AE2C1499A300F6FFF5 /* FavoriteCarLocalRepository.swift in Sources */ = {isa = PBXBuildFile; fileRef = 13CB73AD2C1499A300F6FFF5 /* FavoriteCarLocalRepository.swift */; };
/* End PBXBuildFile section */

/* Begin PBXFileReference section */
		1337F8252C134938005545DE /* Getaround.app */ = {isa = PBXFileReference; explicitFileType = wrapper.application; includeInIndex = 0; path = Getaround.app; sourceTree = BUILT_PRODUCTS_DIR; };
		1337F8282C134938005545DE /* AppDelegate.swift */ = {isa = PBXFileReference; lastKnownFileType = sourcecode.swift; path = AppDelegate.swift; sourceTree = "<group>"; };
		1337F82A2C134938005545DE /* SceneDelegate.swift */ = {isa = PBXFileReference; lastKnownFileType = sourcecode.swift; path = SceneDelegate.swift; sourceTree = "<group>"; };
		1337F82C2C134938005545DE /* HomeViewController.swift */ = {isa = PBXFileReference; lastKnownFileType = sourcecode.swift; path = HomeViewController.swift; sourceTree = "<group>"; };
		1337F8312C134941005545DE /* Assets.xcassets */ = {isa = PBXFileReference; lastKnownFileType = folder.assetcatalog; path = Assets.xcassets; sourceTree = "<group>"; };
		1337F8342C134942005545DE /* Base */ = {isa = PBXFileReference; lastKnownFileType = file.storyboard; name = Base; path = Base.lproj/LaunchScreen.storyboard; sourceTree = "<group>"; };
		1337F8362C134942005545DE /* Info.plist */ = {isa = PBXFileReference; lastKnownFileType = text.plist.xml; path = Info.plist; sourceTree = "<group>"; };
		1337F83F2C1349C8005545DE /* APICall.swift */ = {isa = PBXFileReference; lastKnownFileType = sourcecode.swift; path = APICall.swift; sourceTree = "<group>"; };
		1337F8422C134B3E005545DE /* Car.swift */ = {isa = PBXFileReference; lastKnownFileType = sourcecode.swift; path = Car.swift; sourceTree = "<group>"; };
		1337F8442C134BE5005545DE /* Owner.swift */ = {isa = PBXFileReference; lastKnownFileType = sourcecode.swift; path = Owner.swift; sourceTree = "<group>"; };
		1337F8462C134C0E005545DE /* Rating.swift */ = {isa = PBXFileReference; lastKnownFileType = sourcecode.swift; path = Rating.swift; sourceTree = "<group>"; };
		1337F84A2C134C86005545DE /* CarRepository.swift */ = {isa = PBXFileReference; lastKnownFileType = sourcecode.swift; path = CarRepository.swift; sourceTree = "<group>"; };
		1337F84C2C134E44005545DE /* CarAPI.swift */ = {isa = PBXFileReference; lastKnownFileType = sourcecode.swift; path = CarAPI.swift; sourceTree = "<group>"; };
		1337F84F2C134EE6005545DE /* CarAPIEndpoints.swift */ = {isa = PBXFileReference; lastKnownFileType = sourcecode.swift; path = CarAPIEndpoints.swift; sourceTree = "<group>"; };
		1337F8522C135196005545DE /* DetailViewController.swift */ = {isa = PBXFileReference; lastKnownFileType = sourcecode.swift; path = DetailViewController.swift; sourceTree = "<group>"; };
		1337F8552C1354FC005545DE /* HomeViewModel.swift */ = {isa = PBXFileReference; lastKnownFileType = sourcecode.swift; path = HomeViewModel.swift; sourceTree = "<group>"; };
		1337F8572C135508005545DE /* DetailViewModel.swift */ = {isa = PBXFileReference; lastKnownFileType = sourcecode.swift; path = DetailViewModel.swift; sourceTree = "<group>"; };
		1337F8592C13623C005545DE /* HomeCarListView.swift */ = {isa = PBXFileReference; lastKnownFileType = sourcecode.swift; path = HomeCarListView.swift; sourceTree = "<group>"; };
		1337F85C2C137606005545DE /* CustomImageView.swift */ = {isa = PBXFileReference; lastKnownFileType = sourcecode.swift; path = CustomImageView.swift; sourceTree = "<group>"; };
		1337F85E2C137637005545DE /* HomeCarListView+CarHeadlineView.swift */ = {isa = PBXFileReference; lastKnownFileType = sourcecode.swift; path = "HomeCarListView+CarHeadlineView.swift"; sourceTree = "<group>"; };
		1337F8602C137646005545DE /* HomeCarListView+CarSubHeadlineView.swift */ = {isa = PBXFileReference; lastKnownFileType = sourcecode.swift; path = "HomeCarListView+CarSubHeadlineView.swift"; sourceTree = "<group>"; };
		1337F8652C13A912005545DE /* RatingView.swift */ = {isa = PBXFileReference; lastKnownFileType = sourcecode.swift; path = RatingView.swift; sourceTree = "<group>"; };
		1337F8672C13BC8A005545DE /* CarInfoCollectionViewCell.swift */ = {isa = PBXFileReference; lastKnownFileType = sourcecode.swift; path = CarInfoCollectionViewCell.swift; sourceTree = "<group>"; };
		13CB73A72C13D50500F6FFF5 /* HeaderReusableView.swift */ = {isa = PBXFileReference; lastKnownFileType = sourcecode.swift; path = HeaderReusableView.swift; sourceTree = "<group>"; };
		13CB73A92C13EAA800F6FFF5 /* OwnerInfoCollectinViewCell.swift */ = {isa = PBXFileReference; lastKnownFileType = sourcecode.swift; path = OwnerInfoCollectinViewCell.swift; sourceTree = "<group>"; };
		13CB73AB2C14041200F6FFF5 /* CarRentalPriceView.swift */ = {isa = PBXFileReference; lastKnownFileType = sourcecode.swift; path = CarRentalPriceView.swift; sourceTree = "<group>"; };
		13CB73AD2C1499A300F6FFF5 /* FavoriteCarLocalRepository.swift */ = {isa = PBXFileReference; lastKnownFileType = sourcecode.swift; path = FavoriteCarLocalRepository.swift; sourceTree = "<group>"; };
/* End PBXFileReference section */

/* Begin PBXFrameworksBuildPhase section */
		1337F8222C134938005545DE /* Frameworks */ = {
			isa = PBXFrameworksBuildPhase;
			buildActionMask = 2147483647;
			files = (
			);
			runOnlyForDeploymentPostprocessing = 0;
		};
/* End PBXFrameworksBuildPhase section */

/* Begin PBXGroup section */
		1337F81C2C134938005545DE = {
			isa = PBXGroup;
			children = (
				1337F8272C134938005545DE /* Getaround */,
				1337F8262C134938005545DE /* Products */,
			);
			sourceTree = "<group>";
		};
		1337F8262C134938005545DE /* Products */ = {
			isa = PBXGroup;
			children = (
				1337F8252C134938005545DE /* Getaround.app */,
			);
			name = Products;
			sourceTree = "<group>";
		};
		1337F8272C134938005545DE /* Getaround */ = {
			isa = PBXGroup;
			children = (
				1337F85B2C136272005545DE /* View */,
				1337F8542C1351AF005545DE /* ViewModels */,
				1337F8512C13512D005545DE /* ViewControllers */,
				1337F8412C134B2E005545DE /* Model */,
				1337F83C2C134985005545DE /* Network */,
				1337F8282C134938005545DE /* AppDelegate.swift */,
				1337F82A2C134938005545DE /* SceneDelegate.swift */,
				1337F8312C134941005545DE /* Assets.xcassets */,
				1337F8332C134942005545DE /* LaunchScreen.storyboard */,
				1337F8362C134942005545DE /* Info.plist */,
			);
			path = Getaround;
			sourceTree = "<group>";
		};
		1337F83C2C134985005545DE /* Network */ = {
			isa = PBXGroup;
			children = (
				1337F83F2C1349C8005545DE /* APICall.swift */,
				1337F84E2C134ED3005545DE /* CarAPI */,
			);
			path = Network;
			sourceTree = "<group>";
		};
		1337F8412C134B2E005545DE /* Model */ = {
			isa = PBXGroup;
			children = (
				1337F8492C134C74005545DE /* Repository */,
				1337F8482C134C36005545DE /* Data */,
			);
			path = Model;
			sourceTree = "<group>";
		};
		1337F8482C134C36005545DE /* Data */ = {
			isa = PBXGroup;
			children = (
				1337F8422C134B3E005545DE /* Car.swift */,
				1337F8442C134BE5005545DE /* Owner.swift */,
				1337F8462C134C0E005545DE /* Rating.swift */,
			);
			path = Data;
			sourceTree = "<group>";
		};
		1337F8492C134C74005545DE /* Repository */ = {
			isa = PBXGroup;
			children = (
				1337F84A2C134C86005545DE /* CarRepository.swift */,
				13CB73AD2C1499A300F6FFF5 /* FavoriteCarLocalRepository.swift */,
			);
			path = Repository;
			sourceTree = "<group>";
		};
		1337F84E2C134ED3005545DE /* CarAPI */ = {
			isa = PBXGroup;
			children = (
				1337F84C2C134E44005545DE /* CarAPI.swift */,
				1337F84F2C134EE6005545DE /* CarAPIEndpoints.swift */,
			);
			path = CarAPI;
			sourceTree = "<group>";
		};
		1337F8512C13512D005545DE /* ViewControllers */ = {
			isa = PBXGroup;
			children = (
				1337F82C2C134938005545DE /* HomeViewController.swift */,
				1337F8522C135196005545DE /* DetailViewController.swift */,
			);
			path = ViewControllers;
			sourceTree = "<group>";
		};
		1337F8542C1351AF005545DE /* ViewModels */ = {
			isa = PBXGroup;
			children = (
				1337F8552C1354FC005545DE /* HomeViewModel.swift */,
				1337F8572C135508005545DE /* DetailViewModel.swift */,
			);
			path = ViewModels;
			sourceTree = "<group>";
		};
		1337F85B2C136272005545DE /* View */ = {
			isa = PBXGroup;
			children = (
				1337F8652C13A912005545DE /* RatingView.swift */,
				1337F85C2C137606005545DE /* CustomImageView.swift */,
				1337F8642C13A1EB005545DE /* DetailView */,
				1337F8622C1376C3005545DE /* HomeCarListView */,
			);
			path = View;
			sourceTree = "<group>";
		};
		1337F8622C1376C3005545DE /* HomeCarListView */ = {
			isa = PBXGroup;
			children = (
				1337F8592C13623C005545DE /* HomeCarListView.swift */,
				1337F85E2C137637005545DE /* HomeCarListView+CarHeadlineView.swift */,
				1337F8602C137646005545DE /* HomeCarListView+CarSubHeadlineView.swift */,
			);
			path = HomeCarListView;
			sourceTree = "<group>";
		};
		1337F8632C13A1DF005545DE /* Cells */ = {
			isa = PBXGroup;
			children = (
				1337F8672C13BC8A005545DE /* CarInfoCollectionViewCell.swift */,
				13CB73A92C13EAA800F6FFF5 /* OwnerInfoCollectinViewCell.swift */,
				13CB73AB2C14041200F6FFF5 /* CarRentalPriceView.swift */,
			);
			path = Cells;
			sourceTree = "<group>";
		};
		1337F8642C13A1EB005545DE /* DetailView */ = {
			isa = PBXGroup;
			children = (
				1337F8632C13A1DF005545DE /* Cells */,
				13CB73A72C13D50500F6FFF5 /* HeaderReusableView.swift */,
			);
			path = DetailView;
			sourceTree = "<group>";
		};
/* End PBXGroup section */

/* Begin PBXNativeTarget section */
		1337F8242C134938005545DE /* Getaround */ = {
			isa = PBXNativeTarget;
			buildConfigurationList = 1337F8392C134942005545DE /* Build configuration list for PBXNativeTarget "Getaround" */;
			buildPhases = (
				1337F8212C134938005545DE /* Sources */,
				1337F8222C134938005545DE /* Frameworks */,
				1337F8232C134938005545DE /* Resources */,
			);
			buildRules = (
			);
			dependencies = (
			);
			name = Getaround;
			productName = Getaround;
			productReference = 1337F8252C134938005545DE /* Getaround.app */;
			productType = "com.apple.product-type.application";
		};
/* End PBXNativeTarget section */

/* Begin PBXProject section */
		1337F81D2C134938005545DE /* Project object */ = {
			isa = PBXProject;
			attributes = {
				BuildIndependentTargetsInParallel = 1;
				LastSwiftUpdateCheck = 1520;
				LastUpgradeCheck = 1520;
				TargetAttributes = {
					1337F8242C134938005545DE = {
						CreatedOnToolsVersion = 15.2;
					};
				};
			};
			buildConfigurationList = 1337F8202C134938005545DE /* Build configuration list for PBXProject "Getaround" */;
			compatibilityVersion = "Xcode 14.0";
			developmentRegion = en;
			hasScannedForEncodings = 0;
			knownRegions = (
				en,
				Base,
			);
			mainGroup = 1337F81C2C134938005545DE;
			productRefGroup = 1337F8262C134938005545DE /* Products */;
			projectDirPath = "";
			projectRoot = "";
			targets = (
				1337F8242C134938005545DE /* Getaround */,
			);
		};
/* End PBXProject section */

/* Begin PBXResourcesBuildPhase section */
		1337F8232C134938005545DE /* Resources */ = {
			isa = PBXResourcesBuildPhase;
			buildActionMask = 2147483647;
			files = (
				1337F8352C134942005545DE /* LaunchScreen.storyboard in Resources */,
				1337F8322C134941005545DE /* Assets.xcassets in Resources */,
			);
			runOnlyForDeploymentPostprocessing = 0;
		};
/* End PBXResourcesBuildPhase section */

/* Begin PBXSourcesBuildPhase section */
		1337F8212C134938005545DE /* Sources */ = {
			isa = PBXSourcesBuildPhase;
			buildActionMask = 2147483647;
			files = (
				1337F8682C13BC8A005545DE /* CarInfoCollectionViewCell.swift in Sources */,
				1337F8532C135196005545DE /* DetailViewController.swift in Sources */,
				13CB73A82C13D50500F6FFF5 /* HeaderReusableView.swift in Sources */,
				1337F85F2C137637005545DE /* HomeCarListView+CarHeadlineView.swift in Sources */,
				13CB73AE2C1499A300F6FFF5 /* FavoriteCarLocalRepository.swift in Sources */,
				1337F82D2C134938005545DE /* HomeViewController.swift in Sources */,
				1337F8662C13A912005545DE /* RatingView.swift in Sources */,
				13CB73AC2C14041200F6FFF5 /* CarRentalPriceView.swift in Sources */,
				1337F8452C134BE5005545DE /* Owner.swift in Sources */,
				1337F8502C134EE6005545DE /* CarAPIEndpoints.swift in Sources */,
				1337F8292C134938005545DE /* AppDelegate.swift in Sources */,
				1337F8432C134B3E005545DE /* Car.swift in Sources */,
				1337F85A2C13623C005545DE /* HomeCarListView.swift in Sources */,
				1337F84B2C134C86005545DE /* CarRepository.swift in Sources */,
				13CB73AA2C13EAA800F6FFF5 /* OwnerInfoCollectinViewCell.swift in Sources */,
				1337F8562C1354FC005545DE /* HomeViewModel.swift in Sources */,
				1337F8402C1349C8005545DE /* APICall.swift in Sources */,
				1337F8582C135508005545DE /* DetailViewModel.swift in Sources */,
				1337F82B2C134938005545DE /* SceneDelegate.swift in Sources */,
				1337F8612C137646005545DE /* HomeCarListView+CarSubHeadlineView.swift in Sources */,
				1337F84D2C134E44005545DE /* CarAPI.swift in Sources */,
				1337F8472C134C0E005545DE /* Rating.swift in Sources */,
				1337F85D2C137606005545DE /* CustomImageView.swift in Sources */,
			);
			runOnlyForDeploymentPostprocessing = 0;
		};
/* End PBXSourcesBuildPhase section */

/* Begin PBXVariantGroup section */
		1337F8332C134942005545DE /* LaunchScreen.storyboard */ = {
			isa = PBXVariantGroup;
			children = (
				1337F8342C134942005545DE /* Base */,
			);
			name = LaunchScreen.storyboard;
			sourceTree = "<group>";
		};
/* End PBXVariantGroup section */

/* Begin XCBuildConfiguration section */
		1337F8372C134942005545DE /* Debug */ = {
			isa = XCBuildConfiguration;
			buildSettings = {
				ALWAYS_SEARCH_USER_PATHS = NO;
				ASSETCATALOG_COMPILER_GENERATE_SWIFT_ASSET_SYMBOL_EXTENSIONS = YES;
				CLANG_ANALYZER_NONNULL = YES;
				CLANG_ANALYZER_NUMBER_OBJECT_CONVERSION = YES_AGGRESSIVE;
				CLANG_CXX_LANGUAGE_STANDARD = "gnu++20";
				CLANG_ENABLE_MODULES = YES;
				CLANG_ENABLE_OBJC_ARC = YES;
				CLANG_ENABLE_OBJC_WEAK = YES;
				CLANG_WARN_BLOCK_CAPTURE_AUTORELEASING = YES;
				CLANG_WARN_BOOL_CONVERSION = YES;
				CLANG_WARN_COMMA = YES;
				CLANG_WARN_CONSTANT_CONVERSION = YES;
				CLANG_WARN_DEPRECATED_OBJC_IMPLEMENTATIONS = YES;
				CLANG_WARN_DIRECT_OBJC_ISA_USAGE = YES_ERROR;
				CLANG_WARN_DOCUMENTATION_COMMENTS = YES;
				CLANG_WARN_EMPTY_BODY = YES;
				CLANG_WARN_ENUM_CONVERSION = YES;
				CLANG_WARN_INFINITE_RECURSION = YES;
				CLANG_WARN_INT_CONVERSION = YES;
				CLANG_WARN_NON_LITERAL_NULL_CONVERSION = YES;
				CLANG_WARN_OBJC_IMPLICIT_RETAIN_SELF = YES;
				CLANG_WARN_OBJC_LITERAL_CONVERSION = YES;
				CLANG_WARN_OBJC_ROOT_CLASS = YES_ERROR;
				CLANG_WARN_QUOTED_INCLUDE_IN_FRAMEWORK_HEADER = YES;
				CLANG_WARN_RANGE_LOOP_ANALYSIS = YES;
				CLANG_WARN_STRICT_PROTOTYPES = YES;
				CLANG_WARN_SUSPICIOUS_MOVE = YES;
				CLANG_WARN_UNGUARDED_AVAILABILITY = YES_AGGRESSIVE;
				CLANG_WARN_UNREACHABLE_CODE = YES;
				CLANG_WARN__DUPLICATE_METHOD_MATCH = YES;
				COPY_PHASE_STRIP = NO;
				DEBUG_INFORMATION_FORMAT = dwarf;
				ENABLE_STRICT_OBJC_MSGSEND = YES;
				ENABLE_TESTABILITY = YES;
				ENABLE_USER_SCRIPT_SANDBOXING = YES;
				GCC_C_LANGUAGE_STANDARD = gnu17;
				GCC_DYNAMIC_NO_PIC = NO;
				GCC_NO_COMMON_BLOCKS = YES;
				GCC_OPTIMIZATION_LEVEL = 0;
				GCC_PREPROCESSOR_DEFINITIONS = (
					"DEBUG=1",
					"$(inherited)",
				);
				GCC_WARN_64_TO_32_BIT_CONVERSION = YES;
				GCC_WARN_ABOUT_RETURN_TYPE = YES_ERROR;
				GCC_WARN_UNDECLARED_SELECTOR = YES;
				GCC_WARN_UNINITIALIZED_AUTOS = YES_AGGRESSIVE;
				GCC_WARN_UNUSED_FUNCTION = YES;
				GCC_WARN_UNUSED_VARIABLE = YES;
				IPHONEOS_DEPLOYMENT_TARGET = 17.2;
				LOCALIZATION_PREFERS_STRING_CATALOGS = YES;
				MTL_ENABLE_DEBUG_INFO = INCLUDE_SOURCE;
				MTL_FAST_MATH = YES;
				ONLY_ACTIVE_ARCH = YES;
				SDKROOT = iphoneos;
				SWIFT_ACTIVE_COMPILATION_CONDITIONS = "DEBUG $(inherited)";
				SWIFT_OPTIMIZATION_LEVEL = "-Onone";
			};
			name = Debug;
		};
		1337F8382C134942005545DE /* Release */ = {
			isa = XCBuildConfiguration;
			buildSettings = {
				ALWAYS_SEARCH_USER_PATHS = NO;
				ASSETCATALOG_COMPILER_GENERATE_SWIFT_ASSET_SYMBOL_EXTENSIONS = YES;
				CLANG_ANALYZER_NONNULL = YES;
				CLANG_ANALYZER_NUMBER_OBJECT_CONVERSION = YES_AGGRESSIVE;
				CLANG_CXX_LANGUAGE_STANDARD = "gnu++20";
				CLANG_ENABLE_MODULES = YES;
				CLANG_ENABLE_OBJC_ARC = YES;
				CLANG_ENABLE_OBJC_WEAK = YES;
				CLANG_WARN_BLOCK_CAPTURE_AUTORELEASING = YES;
				CLANG_WARN_BOOL_CONVERSION = YES;
				CLANG_WARN_COMMA = YES;
				CLANG_WARN_CONSTANT_CONVERSION = YES;
				CLANG_WARN_DEPRECATED_OBJC_IMPLEMENTATIONS = YES;
				CLANG_WARN_DIRECT_OBJC_ISA_USAGE = YES_ERROR;
				CLANG_WARN_DOCUMENTATION_COMMENTS = YES;
				CLANG_WARN_EMPTY_BODY = YES;
				CLANG_WARN_ENUM_CONVERSION = YES;
				CLANG_WARN_INFINITE_RECURSION = YES;
				CLANG_WARN_INT_CONVERSION = YES;
				CLANG_WARN_NON_LITERAL_NULL_CONVERSION = YES;
				CLANG_WARN_OBJC_IMPLICIT_RETAIN_SELF = YES;
				CLANG_WARN_OBJC_LITERAL_CONVERSION = YES;
				CLANG_WARN_OBJC_ROOT_CLASS = YES_ERROR;
				CLANG_WARN_QUOTED_INCLUDE_IN_FRAMEWORK_HEADER = YES;
				CLANG_WARN_RANGE_LOOP_ANALYSIS = YES;
				CLANG_WARN_STRICT_PROTOTYPES = YES;
				CLANG_WARN_SUSPICIOUS_MOVE = YES;
				CLANG_WARN_UNGUARDED_AVAILABILITY = YES_AGGRESSIVE;
				CLANG_WARN_UNREACHABLE_CODE = YES;
				CLANG_WARN__DUPLICATE_METHOD_MATCH = YES;
				COPY_PHASE_STRIP = NO;
				DEBUG_INFORMATION_FORMAT = "dwarf-with-dsym";
				ENABLE_NS_ASSERTIONS = NO;
				ENABLE_STRICT_OBJC_MSGSEND = YES;
				ENABLE_USER_SCRIPT_SANDBOXING = YES;
				GCC_C_LANGUAGE_STANDARD = gnu17;
				GCC_NO_COMMON_BLOCKS = YES;
				GCC_WARN_64_TO_32_BIT_CONVERSION = YES;
				GCC_WARN_ABOUT_RETURN_TYPE = YES_ERROR;
				GCC_WARN_UNDECLARED_SELECTOR = YES;
				GCC_WARN_UNINITIALIZED_AUTOS = YES_AGGRESSIVE;
				GCC_WARN_UNUSED_FUNCTION = YES;
				GCC_WARN_UNUSED_VARIABLE = YES;
				IPHONEOS_DEPLOYMENT_TARGET = 17.2;
				LOCALIZATION_PREFERS_STRING_CATALOGS = YES;
				MTL_ENABLE_DEBUG_INFO = NO;
				MTL_FAST_MATH = YES;
				SDKROOT = iphoneos;
				SWIFT_COMPILATION_MODE = wholemodule;
				VALIDATE_PRODUCT = YES;
			};
			name = Release;
		};
		1337F83A2C134942005545DE /* Debug */ = {
			isa = XCBuildConfiguration;
			buildSettings = {
				ASSETCATALOG_COMPILER_APPICON_NAME = AppIcon;
				ASSETCATALOG_COMPILER_GLOBAL_ACCENT_COLOR_NAME = AccentColor;
				CODE_SIGN_STYLE = Automatic;
				CURRENT_PROJECT_VERSION = 1;
				DEVELOPMENT_TEAM = V4MJPE974Y;
				GENERATE_INFOPLIST_FILE = YES;
				INFOPLIST_FILE = Getaround/Info.plist;
				INFOPLIST_KEY_UIApplicationSupportsIndirectInputEvents = YES;
				INFOPLIST_KEY_UILaunchStoryboardName = LaunchScreen;
				INFOPLIST_KEY_UISupportedInterfaceOrientations_iPad = "UIInterfaceOrientationPortrait UIInterfaceOrientationPortraitUpsideDown UIInterfaceOrientationLandscapeLeft UIInterfaceOrientationLandscapeRight";
				INFOPLIST_KEY_UISupportedInterfaceOrientations_iPhone = "UIInterfaceOrientationPortrait UIInterfaceOrientationLandscapeLeft UIInterfaceOrientationLandscapeRight";
				LD_RUNPATH_SEARCH_PATHS = (
					"$(inherited)",
					"@executable_path/Frameworks",
				);
				MARKETING_VERSION = 1.0;
				PRODUCT_BUNDLE_IDENTIFIER = fr.test.Getaround;
				PRODUCT_NAME = "$(TARGET_NAME)";
				SWIFT_EMIT_LOC_STRINGS = YES;
				SWIFT_VERSION = 5.0;
				TARGETED_DEVICE_FAMILY = "1,2";
			};
			name = Debug;
		};
		1337F83B2C134942005545DE /* Release */ = {
			isa = XCBuildConfiguration;
			buildSettings = {
				ASSETCATALOG_COMPILER_APPICON_NAME = AppIcon;
				ASSETCATALOG_COMPILER_GLOBAL_ACCENT_COLOR_NAME = AccentColor;
				CODE_SIGN_STYLE = Automatic;
				CURRENT_PROJECT_VERSION = 1;
				DEVELOPMENT_TEAM = V4MJPE974Y;
				GENERATE_INFOPLIST_FILE = YES;
				INFOPLIST_FILE = Getaround/Info.plist;
				INFOPLIST_KEY_UIApplicationSupportsIndirectInputEvents = YES;
				INFOPLIST_KEY_UILaunchStoryboardName = LaunchScreen;
				INFOPLIST_KEY_UISupportedInterfaceOrientations_iPad = "UIInterfaceOrientationPortrait UIInterfaceOrientationPortraitUpsideDown UIInterfaceOrientationLandscapeLeft UIInterfaceOrientationLandscapeRight";
				INFOPLIST_KEY_UISupportedInterfaceOrientations_iPhone = "UIInterfaceOrientationPortrait UIInterfaceOrientationLandscapeLeft UIInterfaceOrientationLandscapeRight";
				LD_RUNPATH_SEARCH_PATHS = (
					"$(inherited)",
					"@executable_path/Frameworks",
				);
				MARKETING_VERSION = 1.0;
				PRODUCT_BUNDLE_IDENTIFIER = fr.test.Getaround;
				PRODUCT_NAME = "$(TARGET_NAME)";
				SWIFT_EMIT_LOC_STRINGS = YES;
				SWIFT_VERSION = 5.0;
				TARGETED_DEVICE_FAMILY = "1,2";
			};
			name = Release;
		};
/* End XCBuildConfiguration section */

/* Begin XCConfigurationList section */
		1337F8202C134938005545DE /* Build configuration list for PBXProject "Getaround" */ = {
			isa = XCConfigurationList;
			buildConfigurations = (
				1337F8372C134942005545DE /* Debug */,
				1337F8382C134942005545DE /* Release */,
			);
			defaultConfigurationIsVisible = 0;
			defaultConfigurationName = Release;
		};
		1337F8392C134942005545DE /* Build configuration list for PBXNativeTarget "Getaround" */ = {
			isa = XCConfigurationList;
			buildConfigurations = (
				1337F83A2C134942005545DE /* Debug */,
				1337F83B2C134942005545DE /* Release */,
			);
			defaultConfigurationIsVisible = 0;
			defaultConfigurationName = Release;
		};
/* End XCConfigurationList section */
	};
	rootObject = 1337F81D2C134938005545DE /* Project object */;
}
